// !$*UTF8*$!
{
	archiveVersion = 1;
	classes = {
	};
	objectVersion = 46;
	objects = {

/* Begin PBXBuildFile section */
		7F463FF319E73EE50072A677 /* main.m in Sources */ = {isa = PBXBuildFile; fileRef = 7F463FF219E73EE50072A677 /* main.m */; };
		7F463FF619E73EE50072A677 /* AppDelegate.m in Sources */ = {isa = PBXBuildFile; fileRef = 7F463FF519E73EE50072A677 /* AppDelegate.m */; };
		7F463FF919E73EE50072A677 /* PropertyViewController.m in Sources */ = {isa = PBXBuildFile; fileRef = 7F463FF819E73EE50072A677 /* PropertyViewController.m */; };
		7F463FFC19E73EE50072A677 /* TenantViewController.m in Sources */ = {isa = PBXBuildFile; fileRef = 7F463FFB19E73EE50072A677 /* TenantViewController.m */; };
		7F463FFF19E73EE50072A677 /* Main.storyboard in Resources */ = {isa = PBXBuildFile; fileRef = 7F463FFD19E73EE50072A677 /* Main.storyboard */; };
		7F46400119E73EE50072A677 /* Images.xcassets in Resources */ = {isa = PBXBuildFile; fileRef = 7F46400019E73EE50072A677 /* Images.xcassets */; };
		7F46400419E73EE50072A677 /* LaunchScreen.xib in Resources */ = {isa = PBXBuildFile; fileRef = 7F46400219E73EE50072A677 /* LaunchScreen.xib */; };
		7F46401019E73EE50072A677 /* PropertyTrackerTests.m in Sources */ = {isa = PBXBuildFile; fileRef = 7F46400F19E73EE50072A677 /* PropertyTrackerTests.m */; };
		7F46401B19E741AA0072A677 /* PropertyTracker.xcdatamodeld in Sources */ = {isa = PBXBuildFile; fileRef = 7F46401919E741AA0072A677 /* PropertyTracker.xcdatamodeld */; };
		7F46401D19E7464C0072A677 /* Main_iPhone.storyboard in Resources */ = {isa = PBXBuildFile; fileRef = 7F46401C19E7464C0072A677 /* Main_iPhone.storyboard */; };
		7FA9ADB419EAEFC5007E609A /* SettingsViewController.m in Sources */ = {isa = PBXBuildFile; fileRef = 7FA9ADB319EAEFC5007E609A /* SettingsViewController.m */; };
		7FA9ADB719EAF2B9007E609A /* Property_Tab_Icon.png in Resources */ = {isa = PBXBuildFile; fileRef = 7FA9ADB619EAF2B9007E609A /* Property_Tab_Icon.png */; };
		7FA9ADBA19EB27F6007E609A /* Property_Tab_Icon@2x.png in Resources */ = {isa = PBXBuildFile; fileRef = 7FA9ADB919EB27F6007E609A /* Property_Tab_Icon@2x.png */; };
		7FA9ADBF19EB2936007E609A /* Settings_Tab_Icon.png in Resources */ = {isa = PBXBuildFile; fileRef = 7FA9ADBB19EB2936007E609A /* Settings_Tab_Icon.png */; };
		7FA9ADC019EB2936007E609A /* Tenat_Tab_Icon.png in Resources */ = {isa = PBXBuildFile; fileRef = 7FA9ADBC19EB2936007E609A /* Tenat_Tab_Icon.png */; };
		7FA9ADC119EB2936007E609A /* Settings_Tab_Icon@2x.png in Resources */ = {isa = PBXBuildFile; fileRef = 7FA9ADBD19EB2936007E609A /* Settings_Tab_Icon@2x.png */; };
		7FA9ADC219EB2936007E609A /* Tenat_Tab_Icon@2x.png in Resources */ = {isa = PBXBuildFile; fileRef = 7FA9ADBE19EB2936007E609A /* Tenat_Tab_Icon@2x.png */; };
		7FA9ADC919EB2B85007E609A /* PropertyDetailViewController.m in Sources */ = {isa = PBXBuildFile; fileRef = 7FA9ADC819EB2B85007E609A /* PropertyDetailViewController.m */; };
		7FA9ADCC19EC8C27007E609A /* AddTenantViewController.m in Sources */ = {isa = PBXBuildFile; fileRef = 7FA9ADCB19EC8C27007E609A /* AddTenantViewController.m */; };
		7FAA186B19E76728006DF56F /* CoreData.framework in Frameworks */ = {isa = PBXBuildFile; fileRef = 7FAA186A19E76728006DF56F /* CoreData.framework */; };
		7FAA186E19E7679B006DF56F /* Property.m in Sources */ = {isa = PBXBuildFile; fileRef = 7FAA186D19E7679B006DF56F /* Property.m */; };
		7FAA187119E7679C006DF56F /* Payment.m in Sources */ = {isa = PBXBuildFile; fileRef = 7FAA187019E7679C006DF56F /* Payment.m */; };
		7FAA187419E7679C006DF56F /* Picture.m in Sources */ = {isa = PBXBuildFile; fileRef = 7FAA187319E7679C006DF56F /* Picture.m */; };
		7FAA187719E7679C006DF56F /* RentEvent.m in Sources */ = {isa = PBXBuildFile; fileRef = 7FAA187619E7679C006DF56F /* RentEvent.m */; };
		7FAA187A19E7679D006DF56F /* Person.m in Sources */ = {isa = PBXBuildFile; fileRef = 7FAA187919E7679D006DF56F /* Person.m */; };
		7FAA187E19E85950006DF56F /* AddPropertyViewController.m in Sources */ = {isa = PBXBuildFile; fileRef = 7FAA187D19E85950006DF56F /* AddPropertyViewController.m */; };
/* End PBXBuildFile section */

/* Begin PBXContainerItemProxy section */
		7F46400A19E73EE50072A677 /* PBXContainerItemProxy */ = {
			isa = PBXContainerItemProxy;
			containerPortal = 7F463FE519E73EE50072A677 /* Project object */;
			proxyType = 1;
			remoteGlobalIDString = 7F463FEC19E73EE50072A677;
			remoteInfo = PropertyTracker;
		};
/* End PBXContainerItemProxy section */

/* Begin PBXFileReference section */
		7F463FED19E73EE50072A677 /* PropertyTracker.app */ = {isa = PBXFileReference; explicitFileType = wrapper.application; includeInIndex = 0; path = PropertyTracker.app; sourceTree = BUILT_PRODUCTS_DIR; };
		7F463FF119E73EE50072A677 /* Info.plist */ = {isa = PBXFileReference; lastKnownFileType = text.plist.xml; path = Info.plist; sourceTree = "<group>"; };
		7F463FF219E73EE50072A677 /* main.m */ = {isa = PBXFileReference; lastKnownFileType = sourcecode.c.objc; path = main.m; sourceTree = "<group>"; };
		7F463FF419E73EE50072A677 /* AppDelegate.h */ = {isa = PBXFileReference; lastKnownFileType = sourcecode.c.h; path = AppDelegate.h; sourceTree = "<group>"; };
		7F463FF519E73EE50072A677 /* AppDelegate.m */ = {isa = PBXFileReference; lastKnownFileType = sourcecode.c.objc; path = AppDelegate.m; sourceTree = "<group>"; };
		7F463FF719E73EE50072A677 /* PropertyViewController.h */ = {isa = PBXFileReference; lastKnownFileType = sourcecode.c.h; path = PropertyViewController.h; sourceTree = "<group>"; };
		7F463FF819E73EE50072A677 /* PropertyViewController.m */ = {isa = PBXFileReference; lastKnownFileType = sourcecode.c.objc; path = PropertyViewController.m; sourceTree = "<group>"; };
		7F463FFA19E73EE50072A677 /* TenantViewController.h */ = {isa = PBXFileReference; lastKnownFileType = sourcecode.c.h; path = TenantViewController.h; sourceTree = "<group>"; };
		7F463FFB19E73EE50072A677 /* TenantViewController.m */ = {isa = PBXFileReference; lastKnownFileType = sourcecode.c.objc; path = TenantViewController.m; sourceTree = "<group>"; };
		7F463FFE19E73EE50072A677 /* Base */ = {isa = PBXFileReference; lastKnownFileType = file.storyboard; name = Base; path = Base.lproj/Main.storyboard; sourceTree = "<group>"; };
		7F46400019E73EE50072A677 /* Images.xcassets */ = {isa = PBXFileReference; lastKnownFileType = folder.assetcatalog; path = Images.xcassets; sourceTree = "<group>"; };
		7F46400319E73EE50072A677 /* Base */ = {isa = PBXFileReference; lastKnownFileType = file.xib; name = Base; path = Base.lproj/LaunchScreen.xib; sourceTree = "<group>"; };
		7F46400919E73EE50072A677 /* PropertyTrackerTests.xctest */ = {isa = PBXFileReference; explicitFileType = wrapper.cfbundle; includeInIndex = 0; path = PropertyTrackerTests.xctest; sourceTree = BUILT_PRODUCTS_DIR; };
		7F46400E19E73EE50072A677 /* Info.plist */ = {isa = PBXFileReference; lastKnownFileType = text.plist.xml; path = Info.plist; sourceTree = "<group>"; };
		7F46400F19E73EE50072A677 /* PropertyTrackerTests.m */ = {isa = PBXFileReference; lastKnownFileType = sourcecode.c.objc; path = PropertyTrackerTests.m; sourceTree = "<group>"; };
		7F46401A19E741AA0072A677 /* PropertyTracker.xcdatamodel */ = {isa = PBXFileReference; lastKnownFileType = wrapper.xcdatamodel; path = PropertyTracker.xcdatamodel; sourceTree = "<group>"; };
		7F46401C19E7464C0072A677 /* Main_iPhone.storyboard */ = {isa = PBXFileReference; fileEncoding = 4; lastKnownFileType = file.storyboard; path = Main_iPhone.storyboard; sourceTree = "<group>"; };
		7FA9ADB219EAEFC5007E609A /* SettingsViewController.h */ = {isa = PBXFileReference; fileEncoding = 4; lastKnownFileType = sourcecode.c.h; path = SettingsViewController.h; sourceTree = "<group>"; };
		7FA9ADB319EAEFC5007E609A /* SettingsViewController.m */ = {isa = PBXFileReference; fileEncoding = 4; lastKnownFileType = sourcecode.c.objc; path = SettingsViewController.m; sourceTree = "<group>"; };
		7FA9ADB619EAF2B9007E609A /* Property_Tab_Icon.png */ = {isa = PBXFileReference; lastKnownFileType = image.png; path = Property_Tab_Icon.png; sourceTree = "<group>"; };
		7FA9ADB919EB27F6007E609A /* Property_Tab_Icon@2x.png */ = {isa = PBXFileReference; lastKnownFileType = image.png; path = "Property_Tab_Icon@2x.png"; sourceTree = "<group>"; };
		7FA9ADBB19EB2936007E609A /* Settings_Tab_Icon.png */ = {isa = PBXFileReference; lastKnownFileType = image.png; path = Settings_Tab_Icon.png; sourceTree = "<group>"; };
		7FA9ADBC19EB2936007E609A /* Tenat_Tab_Icon.png */ = {isa = PBXFileReference; lastKnownFileType = image.png; path = Tenat_Tab_Icon.png; sourceTree = "<group>"; };
		7FA9ADBD19EB2936007E609A /* Settings_Tab_Icon@2x.png */ = {isa = PBXFileReference; lastKnownFileType = image.png; path = "Settings_Tab_Icon@2x.png"; sourceTree = "<group>"; };
		7FA9ADBE19EB2936007E609A /* Tenat_Tab_Icon@2x.png */ = {isa = PBXFileReference; lastKnownFileType = image.png; path = "Tenat_Tab_Icon@2x.png"; sourceTree = "<group>"; };
		7FA9ADC719EB2B85007E609A /* PropertyDetailViewController.h */ = {isa = PBXFileReference; fileEncoding = 4; lastKnownFileType = sourcecode.c.h; path = PropertyDetailViewController.h; sourceTree = "<group>"; };
		7FA9ADC819EB2B85007E609A /* PropertyDetailViewController.m */ = {isa = PBXFileReference; fileEncoding = 4; lastKnownFileType = sourcecode.c.objc; path = PropertyDetailViewController.m; sourceTree = "<group>"; };
		7FA9ADCA19EC8C27007E609A /* AddTenantViewController.h */ = {isa = PBXFileReference; fileEncoding = 4; lastKnownFileType = sourcecode.c.h; path = AddTenantViewController.h; sourceTree = "<group>"; };
		7FA9ADCB19EC8C27007E609A /* AddTenantViewController.m */ = {isa = PBXFileReference; fileEncoding = 4; lastKnownFileType = sourcecode.c.objc; path = AddTenantViewController.m; sourceTree = "<group>"; };
		7FAA186A19E76728006DF56F /* CoreData.framework */ = {isa = PBXFileReference; lastKnownFileType = wrapper.framework; name = CoreData.framework; path = System/Library/Frameworks/CoreData.framework; sourceTree = SDKROOT; };
		7FAA186C19E7679B006DF56F /* Property.h */ = {isa = PBXFileReference; fileEncoding = 4; lastKnownFileType = sourcecode.c.h; path = Property.h; sourceTree = "<group>"; };
		7FAA186D19E7679B006DF56F /* Property.m */ = {isa = PBXFileReference; fileEncoding = 4; lastKnownFileType = sourcecode.c.objc; path = Property.m; sourceTree = "<group>"; };
		7FAA186F19E7679C006DF56F /* Payment.h */ = {isa = PBXFileReference; fileEncoding = 4; lastKnownFileType = sourcecode.c.h; path = Payment.h; sourceTree = "<group>"; };
		7FAA187019E7679C006DF56F /* Payment.m */ = {isa = PBXFileReference; fileEncoding = 4; lastKnownFileType = sourcecode.c.objc; path = Payment.m; sourceTree = "<group>"; };
		7FAA187219E7679C006DF56F /* Picture.h */ = {isa = PBXFileReference; fileEncoding = 4; lastKnownFileType = sourcecode.c.h; path = Picture.h; sourceTree = "<group>"; };
		7FAA187319E7679C006DF56F /* Picture.m */ = {isa = PBXFileReference; fileEncoding = 4; lastKnownFileType = sourcecode.c.objc; path = Picture.m; sourceTree = "<group>"; };
		7FAA187519E7679C006DF56F /* RentEvent.h */ = {isa = PBXFileReference; fileEncoding = 4; lastKnownFileType = sourcecode.c.h; path = RentEvent.h; sourceTree = "<group>"; };
		7FAA187619E7679C006DF56F /* RentEvent.m */ = {isa = PBXFileReference; fileEncoding = 4; lastKnownFileType = sourcecode.c.objc; path = RentEvent.m; sourceTree = "<group>"; };
		7FAA187819E7679C006DF56F /* Person.h */ = {isa = PBXFileReference; fileEncoding = 4; lastKnownFileType = sourcecode.c.h; path = Person.h; sourceTree = "<group>"; };
		7FAA187919E7679D006DF56F /* Person.m */ = {isa = PBXFileReference; fileEncoding = 4; lastKnownFileType = sourcecode.c.objc; path = Person.m; sourceTree = "<group>"; };
		7FAA187C19E85950006DF56F /* AddPropertyViewController.h */ = {isa = PBXFileReference; fileEncoding = 4; lastKnownFileType = sourcecode.c.h; path = AddPropertyViewController.h; sourceTree = "<group>"; };
		7FAA187D19E85950006DF56F /* AddPropertyViewController.m */ = {isa = PBXFileReference; fileEncoding = 4; lastKnownFileType = sourcecode.c.objc; path = AddPropertyViewController.m; sourceTree = "<group>"; };
/* End PBXFileReference section */

/* Begin PBXFrameworksBuildPhase section */
		7F463FEA19E73EE50072A677 /* Frameworks */ = {
			isa = PBXFrameworksBuildPhase;
			buildActionMask = 2147483647;
			files = (
				7FAA186B19E76728006DF56F /* CoreData.framework in Frameworks */,
			);
			runOnlyForDeploymentPostprocessing = 0;
		};
		7F46400619E73EE50072A677 /* Frameworks */ = {
			isa = PBXFrameworksBuildPhase;
			buildActionMask = 2147483647;
			files = (
			);
			runOnlyForDeploymentPostprocessing = 0;
		};
/* End PBXFrameworksBuildPhase section */

/* Begin PBXGroup section */
		7F463FE419E73EE50072A677 = {
			isa = PBXGroup;
			children = (
				7FAA186A19E76728006DF56F /* CoreData.framework */,
				7F463FEF19E73EE50072A677 /* PropertyTracker */,
				7F46400C19E73EE50072A677 /* PropertyTrackerTests */,
				7F463FEE19E73EE50072A677 /* Products */,
			);
			sourceTree = "<group>";
		};
		7F463FEE19E73EE50072A677 /* Products */ = {
			isa = PBXGroup;
			children = (
				7F463FED19E73EE50072A677 /* PropertyTracker.app */,
				7F46400919E73EE50072A677 /* PropertyTrackerTests.xctest */,
			);
			name = Products;
			sourceTree = "<group>";
		};
		7F463FEF19E73EE50072A677 /* PropertyTracker */ = {
			isa = PBXGroup;
			children = (
				7F463FF419E73EE50072A677 /* AppDelegate.h */,
				7F463FF519E73EE50072A677 /* AppDelegate.m */,
				7FAA187F19E85957006DF56F /* Property */,
				7FAA188019E8595E006DF56F /* Tenant */,
				7FA9ADB519EAEFC9007E609A /* Settings */,
				7F463FFD19E73EE50072A677 /* Main.storyboard */,
				7F46401C19E7464C0072A677 /* Main_iPhone.storyboard */,
				7F46400019E73EE50072A677 /* Images.xcassets */,
				7F46400219E73EE50072A677 /* LaunchScreen.xib */,
				7F46401919E741AA0072A677 /* PropertyTracker.xcdatamodeld */,
				7FAA187B19E767A3006DF56F /* Database Classes */,
				7FA9ADB819EAF2C5007E609A /* Resources */,
				7F463FF019E73EE50072A677 /* Supporting Files */,
			);
			path = PropertyTracker;
			sourceTree = "<group>";
		};
		7F463FF019E73EE50072A677 /* Supporting Files */ = {
			isa = PBXGroup;
			children = (
				7F463FF119E73EE50072A677 /* Info.plist */,
				7F463FF219E73EE50072A677 /* main.m */,
			);
			name = "Supporting Files";
			sourceTree = "<group>";
		};
		7F46400C19E73EE50072A677 /* PropertyTrackerTests */ = {
			isa = PBXGroup;
			children = (
				7F46400F19E73EE50072A677 /* PropertyTrackerTests.m */,
				7F46400D19E73EE50072A677 /* Supporting Files */,
			);
			path = PropertyTrackerTests;
			sourceTree = "<group>";
		};
		7F46400D19E73EE50072A677 /* Supporting Files */ = {
			isa = PBXGroup;
			children = (
				7F46400E19E73EE50072A677 /* Info.plist */,
			);
			name = "Supporting Files";
			sourceTree = "<group>";
		};
		7FA9ADB519EAEFC9007E609A /* Settings */ = {
			isa = PBXGroup;
			children = (
				7FA9ADB219EAEFC5007E609A /* SettingsViewController.h */,
				7FA9ADB319EAEFC5007E609A /* SettingsViewController.m */,
			);
			name = Settings;
			sourceTree = "<group>";
		};
		7FA9ADB819EAF2C5007E609A /* Resources */ = {
			isa = PBXGroup;
			children = (
				7FA9ADC319EB2943007E609A /* Tab Icons */,
			);
			name = Resources;
			sourceTree = "<group>";
		};
		7FA9ADC319EB2943007E609A /* Tab Icons */ = {
			isa = PBXGroup;
			children = (
				7FA9ADC419EB294D007E609A /* Settings */,
				7FA9ADC519EB2954007E609A /* Tenant */,
				7FA9ADC619EB2960007E609A /* Property */,
			);
			name = "Tab Icons";
			sourceTree = "<group>";
		};
		7FA9ADC419EB294D007E609A /* Settings */ = {
			isa = PBXGroup;
			children = (
				7FA9ADBB19EB2936007E609A /* Settings_Tab_Icon.png */,
				7FA9ADBD19EB2936007E609A /* Settings_Tab_Icon@2x.png */,
			);
			name = Settings;
			sourceTree = "<group>";
		};
		7FA9ADC519EB2954007E609A /* Tenant */ = {
			isa = PBXGroup;
			children = (
				7FA9ADBC19EB2936007E609A /* Tenat_Tab_Icon.png */,
				7FA9ADBE19EB2936007E609A /* Tenat_Tab_Icon@2x.png */,
			);
			name = Tenant;
			sourceTree = "<group>";
		};
		7FA9ADC619EB2960007E609A /* Property */ = {
			isa = PBXGroup;
			children = (
				7FA9ADB619EAF2B9007E609A /* Property_Tab_Icon.png */,
				7FA9ADB919EB27F6007E609A /* Property_Tab_Icon@2x.png */,
			);
			name = Property;
			sourceTree = "<group>";
		};
		7FAA187B19E767A3006DF56F /* Database Classes */ = {
			isa = PBXGroup;
			children = (
				7FAA187819E7679C006DF56F /* Person.h */,
				7FAA187919E7679D006DF56F /* Person.m */,
				7FAA187519E7679C006DF56F /* RentEvent.h */,
				7FAA187619E7679C006DF56F /* RentEvent.m */,
				7FAA187219E7679C006DF56F /* Picture.h */,
				7FAA187319E7679C006DF56F /* Picture.m */,
				7FAA186F19E7679C006DF56F /* Payment.h */,
				7FAA187019E7679C006DF56F /* Payment.m */,
				7FAA186C19E7679B006DF56F /* Property.h */,
				7FAA186D19E7679B006DF56F /* Property.m */,
			);
			name = "Database Classes";
			sourceTree = "<group>";
		};
		7FAA187F19E85957006DF56F /* Property */ = {
			isa = PBXGroup;
			children = (
				7F463FF719E73EE50072A677 /* PropertyViewController.h */,
				7F463FF819E73EE50072A677 /* PropertyViewController.m */,
				7FAA187C19E85950006DF56F /* AddPropertyViewController.h */,
				7FAA187D19E85950006DF56F /* AddPropertyViewController.m */,
				7FA9ADC719EB2B85007E609A /* PropertyDetailViewController.h */,
				7FA9ADC819EB2B85007E609A /* PropertyDetailViewController.m */,
			);
			name = Property;
			sourceTree = "<group>";
		};
		7FAA188019E8595E006DF56F /* Tenant */ = {
			isa = PBXGroup;
			children = (
				7F463FFA19E73EE50072A677 /* TenantViewController.h */,
				7F463FFB19E73EE50072A677 /* TenantViewController.m */,
				7FA9ADCA19EC8C27007E609A /* AddTenantViewController.h */,
				7FA9ADCB19EC8C27007E609A /* AddTenantViewController.m */,
			);
			name = Tenant;
			sourceTree = "<group>";
		};
/* End PBXGroup section */

/* Begin PBXNativeTarget section */
		7F463FEC19E73EE50072A677 /* PropertyTracker */ = {
			isa = PBXNativeTarget;
			buildConfigurationList = 7F46401319E73EE50072A677 /* Build configuration list for PBXNativeTarget "PropertyTracker" */;
			buildPhases = (
				7F463FE919E73EE50072A677 /* Sources */,
				7F463FEA19E73EE50072A677 /* Frameworks */,
				7F463FEB19E73EE50072A677 /* Resources */,
			);
			buildRules = (
			);
			dependencies = (
			);
			name = PropertyTracker;
			productName = PropertyTracker;
			productReference = 7F463FED19E73EE50072A677 /* PropertyTracker.app */;
			productType = "com.apple.product-type.application";
		};
		7F46400819E73EE50072A677 /* PropertyTrackerTests */ = {
			isa = PBXNativeTarget;
			buildConfigurationList = 7F46401619E73EE50072A677 /* Build configuration list for PBXNativeTarget "PropertyTrackerTests" */;
			buildPhases = (
				7F46400519E73EE50072A677 /* Sources */,
				7F46400619E73EE50072A677 /* Frameworks */,
				7F46400719E73EE50072A677 /* Resources */,
			);
			buildRules = (
			);
			dependencies = (
				7F46400B19E73EE50072A677 /* PBXTargetDependency */,
			);
			name = PropertyTrackerTests;
			productName = PropertyTrackerTests;
			productReference = 7F46400919E73EE50072A677 /* PropertyTrackerTests.xctest */;
			productType = "com.apple.product-type.bundle.unit-test";
		};
/* End PBXNativeTarget section */

/* Begin PBXProject section */
		7F463FE519E73EE50072A677 /* Project object */ = {
			isa = PBXProject;
			attributes = {
				LastUpgradeCheck = 0600;
				ORGANIZATIONNAME = JP;
				TargetAttributes = {
					7F463FEC19E73EE50072A677 = {
						CreatedOnToolsVersion = 6.0.1;
					};
					7F46400819E73EE50072A677 = {
						CreatedOnToolsVersion = 6.0.1;
						TestTargetID = 7F463FEC19E73EE50072A677;
					};
				};
			};
			buildConfigurationList = 7F463FE819E73EE50072A677 /* Build configuration list for PBXProject "PropertyTracker" */;
			compatibilityVersion = "Xcode 3.2";
			developmentRegion = English;
			hasScannedForEncodings = 0;
			knownRegions = (
				en,
				Base,
			);
			mainGroup = 7F463FE419E73EE50072A677;
			productRefGroup = 7F463FEE19E73EE50072A677 /* Products */;
			projectDirPath = "";
			projectRoot = "";
			targets = (
				7F463FEC19E73EE50072A677 /* PropertyTracker */,
				7F46400819E73EE50072A677 /* PropertyTrackerTests */,
			);
		};
/* End PBXProject section */

/* Begin PBXResourcesBuildPhase section */
		7F463FEB19E73EE50072A677 /* Resources */ = {
			isa = PBXResourcesBuildPhase;
			buildActionMask = 2147483647;
			files = (
				7FA9ADB719EAF2B9007E609A /* Property_Tab_Icon.png in Resources */,
				7FA9ADBF19EB2936007E609A /* Settings_Tab_Icon.png in Resources */,
				7FA9ADC219EB2936007E609A /* Tenat_Tab_Icon@2x.png in Resources */,
				7F46401D19E7464C0072A677 /* Main_iPhone.storyboard in Resources */,
				7F463FFF19E73EE50072A677 /* Main.storyboard in Resources */,
				7F46400419E73EE50072A677 /* LaunchScreen.xib in Resources */,
				7FA9ADC119EB2936007E609A /* Settings_Tab_Icon@2x.png in Resources */,
				7FA9ADBA19EB27F6007E609A /* Property_Tab_Icon@2x.png in Resources */,
				7F46400119E73EE50072A677 /* Images.xcassets in Resources */,
				7FA9ADC019EB2936007E609A /* Tenat_Tab_Icon.png in Resources */,
			);
			runOnlyForDeploymentPostprocessing = 0;
		};
		7F46400719E73EE50072A677 /* Resources */ = {
			isa = PBXResourcesBuildPhase;
			buildActionMask = 2147483647;
			files = (
			);
			runOnlyForDeploymentPostprocessing = 0;
		};
/* End PBXResourcesBuildPhase section */

/* Begin PBXSourcesBuildPhase section */
		7F463FE919E73EE50072A677 /* Sources */ = {
			isa = PBXSourcesBuildPhase;
			buildActionMask = 2147483647;
			files = (
				7FAA187419E7679C006DF56F /* Picture.m in Sources */,
				7F463FFC19E73EE50072A677 /* TenantViewController.m in Sources */,
				7FA9ADCC19EC8C27007E609A /* AddTenantViewController.m in Sources */,
				7FAA187A19E7679D006DF56F /* Person.m in Sources */,
				7FA9ADB419EAEFC5007E609A /* SettingsViewController.m in Sources */,
				7F463FF619E73EE50072A677 /* AppDelegate.m in Sources */,
				7FAA187719E7679C006DF56F /* RentEvent.m in Sources */,
				7FAA186E19E7679B006DF56F /* Property.m in Sources */,
				7FA9ADC919EB2B85007E609A /* PropertyDetailViewController.m in Sources */,
				7FAA187119E7679C006DF56F /* Payment.m in Sources */,
				7FAA187E19E85950006DF56F /* AddPropertyViewController.m in Sources */,
				7F46401B19E741AA0072A677 /* PropertyTracker.xcdatamodeld in Sources */,
				7F463FF919E73EE50072A677 /* PropertyViewController.m in Sources */,
				7F463FF319E73EE50072A677 /* main.m in Sources */,
			);
			runOnlyForDeploymentPostprocessing = 0;
		};
		7F46400519E73EE50072A677 /* Sources */ = {
			isa = PBXSourcesBuildPhase;
			buildActionMask = 2147483647;
			files = (
				7F46401019E73EE50072A677 /* PropertyTrackerTests.m in Sources */,
			);
			runOnlyForDeploymentPostprocessing = 0;
		};
/* End PBXSourcesBuildPhase section */

/* Begin PBXTargetDependency section */
		7F46400B19E73EE50072A677 /* PBXTargetDependency */ = {
			isa = PBXTargetDependency;
			target = 7F463FEC19E73EE50072A677 /* PropertyTracker */;
			targetProxy = 7F46400A19E73EE50072A677 /* PBXContainerItemProxy */;
		};
/* End PBXTargetDependency section */

/* Begin PBXVariantGroup section */
		7F463FFD19E73EE50072A677 /* Main.storyboard */ = {
			isa = PBXVariantGroup;
			children = (
				7F463FFE19E73EE50072A677 /* Base */,
			);
			name = Main.storyboard;
			sourceTree = "<group>";
		};
		7F46400219E73EE50072A677 /* LaunchScreen.xib */ = {
			isa = PBXVariantGroup;
			children = (
				7F46400319E73EE50072A677 /* Base */,
			);
			name = LaunchScreen.xib;
			sourceTree = "<group>";
		};
/* End PBXVariantGroup section */

/* Begin XCBuildConfiguration section */
		7F46401119E73EE50072A677 /* Debug */ = {
			isa = XCBuildConfiguration;
			buildSettings = {
				ALWAYS_SEARCH_USER_PATHS = NO;
				CLANG_CXX_LANGUAGE_STANDARD = "gnu++0x";
				CLANG_CXX_LIBRARY = "libc++";
				CLANG_ENABLE_MODULES = YES;
				CLANG_ENABLE_OBJC_ARC = YES;
				CLANG_WARN_BOOL_CONVERSION = YES;
				CLANG_WARN_CONSTANT_CONVERSION = YES;
				CLANG_WARN_DIRECT_OBJC_ISA_USAGE = YES_ERROR;
				CLANG_WARN_EMPTY_BODY = YES;
				CLANG_WARN_ENUM_CONVERSION = YES;
				CLANG_WARN_INT_CONVERSION = YES;
				CLANG_WARN_OBJC_ROOT_CLASS = YES_ERROR;
				CLANG_WARN_UNREACHABLE_CODE = YES;
				CLANG_WARN__DUPLICATE_METHOD_MATCH = YES;
				"CODE_SIGN_IDENTITY[sdk=iphoneos*]" = "iPhone Developer";
				COPY_PHASE_STRIP = NO;
				ENABLE_STRICT_OBJC_MSGSEND = YES;
				GCC_C_LANGUAGE_STANDARD = gnu99;
				GCC_DYNAMIC_NO_PIC = NO;
				GCC_OPTIMIZATION_LEVEL = 0;
				GCC_PREPROCESSOR_DEFINITIONS = (
					"DEBUG=1",
					"$(inherited)",
				);
				GCC_SYMBOLS_PRIVATE_EXTERN = NO;
				GCC_WARN_64_TO_32_BIT_CONVERSION = YES;
				GCC_WARN_ABOUT_RETURN_TYPE = YES_ERROR;
				GCC_WARN_UNDECLARED_SELECTOR = YES;
				GCC_WARN_UNINITIALIZED_AUTOS = YES_AGGRESSIVE;
				GCC_WARN_UNUSED_FUNCTION = YES;
				GCC_WARN_UNUSED_VARIABLE = YES;
				IPHONEOS_DEPLOYMENT_TARGET = 8.0;
				MTL_ENABLE_DEBUG_INFO = YES;
				ONLY_ACTIVE_ARCH = YES;
				SDKROOT = iphoneos;
				TARGETED_DEVICE_FAMILY = "1,2";
			};
			name = Debug;
		};
		7F46401219E73EE50072A677 /* Release */ = {
			isa = XCBuildConfiguration;
			buildSettings = {
				ALWAYS_SEARCH_USER_PATHS = NO;
				CLANG_CXX_LANGUAGE_STANDARD = "gnu++0x";
				CLANG_CXX_LIBRARY = "libc++";
				CLANG_ENABLE_MODULES = YES;
				CLANG_ENABLE_OBJC_ARC = YES;
				CLANG_WARN_BOOL_CONVERSION = YES;
				CLANG_WARN_CONSTANT_CONVERSION = YES;
				CLANG_WARN_DIRECT_OBJC_ISA_USAGE = YES_ERROR;
				CLANG_WARN_EMPTY_BODY = YES;
				CLANG_WARN_ENUM_CONVERSION = YES;
				CLANG_WARN_INT_CONVERSION = YES;
				CLANG_WARN_OBJC_ROOT_CLASS = YES_ERROR;
				CLANG_WARN_UNREACHABLE_CODE = YES;
				CLANG_WARN__DUPLICATE_METHOD_MATCH = YES;
				"CODE_SIGN_IDENTITY[sdk=iphoneos*]" = "iPhone Developer";
				COPY_PHASE_STRIP = YES;
				ENABLE_NS_ASSERTIONS = NO;
				ENABLE_STRICT_OBJC_MSGSEND = YES;
				GCC_C_LANGUAGE_STANDARD = gnu99;
				GCC_WARN_64_TO_32_BIT_CONVERSION = YES;
				GCC_WARN_ABOUT_RETURN_TYPE = YES_ERROR;
				GCC_WARN_UNDECLARED_SELECTOR = YES;
				GCC_WARN_UNINITIALIZED_AUTOS = YES_AGGRESSIVE;
				GCC_WARN_UNUSED_FUNCTION = YES;
				GCC_WARN_UNUSED_VARIABLE = YES;
				IPHONEOS_DEPLOYMENT_TARGET = 8.0;
				MTL_ENABLE_DEBUG_INFO = NO;
				SDKROOT = iphoneos;
				TARGETED_DEVICE_FAMILY = "1,2";
				VALIDATE_PRODUCT = YES;
			};
			name = Release;
		};
		7F46401419E73EE50072A677 /* Debug */ = {
			isa = XCBuildConfiguration;
			buildSettings = {
				ASSETCATALOG_COMPILER_APPICON_NAME = AppIcon;
				INFOPLIST_FILE = PropertyTracker/Info.plist;
				IPHONEOS_DEPLOYMENT_TARGET = 8.0;
				LD_RUNPATH_SEARCH_PATHS = "$(inherited) @executable_path/Frameworks";
				PRODUCT_NAME = "$(TARGET_NAME)";
				TARGETED_DEVICE_FAMILY = "1,2";
			};
			name = Debug;
		};
		7F46401519E73EE50072A677 /* Release */ = {
			isa = XCBuildConfiguration;
			buildSettings = {
				ASSETCATALOG_COMPILER_APPICON_NAME = AppIcon;
				INFOPLIST_FILE = PropertyTracker/Info.plist;
				IPHONEOS_DEPLOYMENT_TARGET = 8.0;
				LD_RUNPATH_SEARCH_PATHS = "$(inherited) @executable_path/Frameworks";
				PRODUCT_NAME = "$(TARGET_NAME)";
				TARGETED_DEVICE_FAMILY = "1,2";
			};
			name = Release;
		};
		7F46401719E73EE50072A677 /* Debug */ = {
			isa = XCBuildConfiguration;
			buildSettings = {
				BUNDLE_LOADER = "$(TEST_HOST)";
				FRAMEWORK_SEARCH_PATHS = (
					"$(SDKROOT)/Developer/Library/Frameworks",
					"$(inherited)",
				);
				GCC_PREPROCESSOR_DEFINITIONS = (
					"DEBUG=1",
					"$(inherited)",
				);
				INFOPLIST_FILE = PropertyTrackerTests/Info.plist;
				LD_RUNPATH_SEARCH_PATHS = "$(inherited) @executable_path/Frameworks @loader_path/Frameworks";
				PRODUCT_NAME = "$(TARGET_NAME)";
				TEST_HOST = "$(BUILT_PRODUCTS_DIR)/PropertyTracker.app/PropertyTracker";
			};
			name = Debug;
		};
		7F46401819E73EE50072A677 /* Release */ = {
			isa = XCBuildConfiguration;
			buildSettings = {
				BUNDLE_LOADER = "$(TEST_HOST)";
				FRAMEWORK_SEARCH_PATHS = (
					"$(SDKROOT)/Developer/Library/Frameworks",
					"$(inherited)",
				);
				INFOPLIST_FILE = PropertyTrackerTests/Info.plist;
				LD_RUNPATH_SEARCH_PATHS = "$(inherited) @executable_path/Frameworks @loader_path/Frameworks";
				PRODUCT_NAME = "$(TARGET_NAME)";
				TEST_HOST = "$(BUILT_PRODUCTS_DIR)/PropertyTracker.app/PropertyTracker";
			};
			name = Release;
		};
/* End XCBuildConfiguration section */

/* Begin XCConfigurationList section */
		7F463FE819E73EE50072A677 /* Build configuration list for PBXProject "PropertyTracker" */ = {
			isa = XCConfigurationList;
			buildConfigurations = (
				7F46401119E73EE50072A677 /* Debug */,
				7F46401219E73EE50072A677 /* Release */,
			);
			defaultConfigurationIsVisible = 0;
			defaultConfigurationName = Release;
		};
		7F46401319E73EE50072A677 /* Build configuration list for PBXNativeTarget "PropertyTracker" */ = {
			isa = XCConfigurationList;
			buildConfigurations = (
				7F46401419E73EE50072A677 /* Debug */,
				7F46401519E73EE50072A677 /* Release */,
			);
			defaultConfigurationIsVisible = 0;
			defaultConfigurationName = Release;
		};
		7F46401619E73EE50072A677 /* Build configuration list for PBXNativeTarget "PropertyTrackerTests" */ = {
			isa = XCConfigurationList;
			buildConfigurations = (
				7F46401719E73EE50072A677 /* Debug */,
				7F46401819E73EE50072A677 /* Release */,
			);
			defaultConfigurationIsVisible = 0;
			defaultConfigurationName = Release;
		};
/* End XCConfigurationList section */

/* Begin XCVersionGroup section */
		7F46401919E741AA0072A677 /* PropertyTracker.xcdatamodeld */ = {
			isa = XCVersionGroup;
			children = (
				7F46401A19E741AA0072A677 /* PropertyTracker.xcdatamodel */,
			);
			currentVersion = 7F46401A19E741AA0072A677 /* PropertyTracker.xcdatamodel */;
			path = PropertyTracker.xcdatamodeld;
			sourceTree = "<group>";
			versionGroupType = wrapper.xcdatamodel;
		};
/* End XCVersionGroup section */
	};
	rootObject = 7F463FE519E73EE50072A677 /* Project object */;
}
